// !$*UTF8*$!
{
	archiveVersion = 1;
	classes = {
	};
	objectVersion = 55;
	objects = {

/* Begin PBXBuildFile section */
		29FBC20C772369D0DB57C366 /* Pods_BotiquinTests.framework in Frameworks */ = {isa = PBXBuildFile; fileRef = 8D57BD8C07D47191FE3DD691 /* Pods_BotiquinTests.framework */; };
		A34C6833DC0C184032038D68 /* Pods_Botiquin.framework in Frameworks */ = {isa = PBXBuildFile; fileRef = CF788DCA7F0F435CD1BA8239 /* Pods_Botiquin.framework */; };
		CC16B32D29171C3F00DC2EE9 /* ColorPalette.swift in Sources */ = {isa = PBXBuildFile; fileRef = CC16B32C29171C3F00DC2EE9 /* ColorPalette.swift */; };
		CC16B32F29180C7F00DC2EE9 /* FontStyles.swift in Sources */ = {isa = PBXBuildFile; fileRef = CC16B32E29180C7D00DC2EE9 /* FontStyles.swift */; };
		CC16B33529180FB400DC2EE9 /* SplashViewController.swift in Sources */ = {isa = PBXBuildFile; fileRef = CC16B33429180FB400DC2EE9 /* SplashViewController.swift */; };
		CC39D86B291AA1BE00D1087C /* SplashViewModel.swift in Sources */ = {isa = PBXBuildFile; fileRef = CC39D86A291AA1BE00D1087C /* SplashViewModel.swift */; };
		CC81DF0E2917105000CB4DE4 /* FlexiblePageControl.swift in Sources */ = {isa = PBXBuildFile; fileRef = CC81DF0D2917105000CB4DE4 /* FlexiblePageControl.swift */; };
		CCA1D05A29230AE00010CD4D /* ArrayExtensions.swift in Sources */ = {isa = PBXBuildFile; fileRef = CCA1D05929230AE00010CD4D /* ArrayExtensions.swift */; };
		CCA1D05E2923147F0010CD4D /* FloatLabelTextField.swift in Sources */ = {isa = PBXBuildFile; fileRef = CCA1D05D2923147F0010CD4D /* FloatLabelTextField.swift */; };
		CCA1D061292314970010CD4D /* PasswordToggleView.swift in Sources */ = {isa = PBXBuildFile; fileRef = CCA1D05F292314960010CD4D /* PasswordToggleView.swift */; };
		CCA1D062292314970010CD4D /* PasswordToggleView.xib in Resources */ = {isa = PBXBuildFile; fileRef = CCA1D060292314970010CD4D /* PasswordToggleView.xib */; };
		CCA1D071292314BD0010CD4D /* InputValidator.swift in Sources */ = {isa = PBXBuildFile; fileRef = CCA1D064292314BD0010CD4D /* InputValidator.swift */; };
		CCA1D072292314BD0010CD4D /* InputMask.swift in Sources */ = {isa = PBXBuildFile; fileRef = CCA1D065292314BD0010CD4D /* InputMask.swift */; };
		CCA1D076292314BD0010CD4D /* PasswordValidation.swift in Sources */ = {isa = PBXBuildFile; fileRef = CCA1D06A292314BD0010CD4D /* PasswordValidation.swift */; };
		CCA1D077292314BD0010CD4D /* RegexType.swift in Sources */ = {isa = PBXBuildFile; fileRef = CCA1D06B292314BD0010CD4D /* RegexType.swift */; };
		CCA1D078292314BD0010CD4D /* EmailValidation.swift in Sources */ = {isa = PBXBuildFile; fileRef = CCA1D06C292314BD0010CD4D /* EmailValidation.swift */; };
		CCA1D079292314BD0010CD4D /* FilledValidation.swift in Sources */ = {isa = PBXBuildFile; fileRef = CCA1D06D292314BD0010CD4D /* FilledValidation.swift */; };
		CCA1D07B292314BD0010CD4D /* FullNameValidation.swift in Sources */ = {isa = PBXBuildFile; fileRef = CCA1D06F292314BD0010CD4D /* FullNameValidation.swift */; };
		CCA1D07C292314BD0010CD4D /* PhoneValidation.swift in Sources */ = {isa = PBXBuildFile; fileRef = CCA1D070292314BD0010CD4D /* PhoneValidation.swift */; };
		CCA1D086292314D50010CD4D /* AKMaskFieldBrackets.swift in Sources */ = {isa = PBXBuildFile; fileRef = CCA1D07E292314D50010CD4D /* AKMaskFieldBrackets.swift */; };
		CCA1D087292314D50010CD4D /* AKMaskFieldEvent.swift in Sources */ = {isa = PBXBuildFile; fileRef = CCA1D07F292314D50010CD4D /* AKMaskFieldEvent.swift */; };
		CCA1D088292314D50010CD4D /* AKMaskFieldBlock.swift in Sources */ = {isa = PBXBuildFile; fileRef = CCA1D080292314D50010CD4D /* AKMaskFieldBlock.swift */; };
		CCA1D089292314D50010CD4D /* AKMaskField.swift in Sources */ = {isa = PBXBuildFile; fileRef = CCA1D081292314D50010CD4D /* AKMaskField.swift */; };
		CCA1D08A292314D50010CD4D /* AKMaskFieldUtility.swift in Sources */ = {isa = PBXBuildFile; fileRef = CCA1D082292314D50010CD4D /* AKMaskFieldUtility.swift */; };
		CCA1D08B292314D50010CD4D /* AKMaskFieldBlockCharacter.swift in Sources */ = {isa = PBXBuildFile; fileRef = CCA1D083292314D50010CD4D /* AKMaskFieldBlockCharacter.swift */; };
		CCA1D08C292314D50010CD4D /* AKMaskFieldPatternCharacter.swift in Sources */ = {isa = PBXBuildFile; fileRef = CCA1D084292314D50010CD4D /* AKMaskFieldPatternCharacter.swift */; };
		CCA1D08D292314D50010CD4D /* AKMaskFieldStatus.swift in Sources */ = {isa = PBXBuildFile; fileRef = CCA1D085292314D50010CD4D /* AKMaskFieldStatus.swift */; };
		CCA1D08F292315150010CD4D /* StringExtension.swift in Sources */ = {isa = PBXBuildFile; fileRef = CCA1D08E292315150010CD4D /* StringExtension.swift */; };
		CCA1D091292315DC0010CD4D /* UIImageExtensions.swift in Sources */ = {isa = PBXBuildFile; fileRef = CCA1D090292315DC0010CD4D /* UIImageExtensions.swift */; };
		CCA1D093292316180010CD4D /* Rulable.swift in Sources */ = {isa = PBXBuildFile; fileRef = CCA1D092292316180010CD4D /* Rulable.swift */; };
		CCA1D095292317700010CD4D /* LoginViewController.swift in Sources */ = {isa = PBXBuildFile; fileRef = CCA1D094292317700010CD4D /* LoginViewController.swift */; };
		CCA1D097292354FA0010CD4D /* LoginProtocols.swift in Sources */ = {isa = PBXBuildFile; fileRef = CCA1D096292354F90010CD4D /* LoginProtocols.swift */; };
		CCA1D099292356960010CD4D /* LoginPresenter.swift in Sources */ = {isa = PBXBuildFile; fileRef = CCA1D098292356960010CD4D /* LoginPresenter.swift */; };
		CCA1D09B292356DE0010CD4D /* LoginRouter.swift in Sources */ = {isa = PBXBuildFile; fileRef = CCA1D09A292356DE0010CD4D /* LoginRouter.swift */; };
		CCA1D09D292357280010CD4D /* LoginBuilder.swift in Sources */ = {isa = PBXBuildFile; fileRef = CCA1D09C292357280010CD4D /* LoginBuilder.swift */; };
		CCA1D09F292357AB0010CD4D /* WindowExtensions.swift in Sources */ = {isa = PBXBuildFile; fileRef = CCA1D09E292357AB0010CD4D /* WindowExtensions.swift */; };
		CCA1D0A229235B900010CD4D /* WalktroughtViewController.swift in Sources */ = {isa = PBXBuildFile; fileRef = CCA1D0A129235B900010CD4D /* WalktroughtViewController.swift */; };
		CCA9C48C290B38FA00CFCD9D /* AppDelegate.swift in Sources */ = {isa = PBXBuildFile; fileRef = CCA9C48B290B38FA00CFCD9D /* AppDelegate.swift */; };
		CCA9C48E290B38FA00CFCD9D /* SceneDelegate.swift in Sources */ = {isa = PBXBuildFile; fileRef = CCA9C48D290B38FA00CFCD9D /* SceneDelegate.swift */; };
		CCA9C493290B38FA00CFCD9D /* Main.storyboard in Resources */ = {isa = PBXBuildFile; fileRef = CCA9C491290B38FA00CFCD9D /* Main.storyboard */; };
		CCA9C495290B38FD00CFCD9D /* Assets.xcassets in Resources */ = {isa = PBXBuildFile; fileRef = CCA9C494290B38FD00CFCD9D /* Assets.xcassets */; };
		CCA9C498290B38FD00CFCD9D /* LaunchScreen.storyboard in Resources */ = {isa = PBXBuildFile; fileRef = CCA9C496290B38FD00CFCD9D /* LaunchScreen.storyboard */; };
		CCA9C4A3290B38FD00CFCD9D /* BotiquinTests.swift in Sources */ = {isa = PBXBuildFile; fileRef = CCA9C4A2290B38FD00CFCD9D /* BotiquinTests.swift */; };
		CCA9C4AD290B38FD00CFCD9D /* BotiquinUITests.swift in Sources */ = {isa = PBXBuildFile; fileRef = CCA9C4AC290B38FD00CFCD9D /* BotiquinUITests.swift */; };
		CCA9C4AF290B38FD00CFCD9D /* BotiquinUITestsLaunchTests.swift in Sources */ = {isa = PBXBuildFile; fileRef = CCA9C4AE290B38FD00CFCD9D /* BotiquinUITestsLaunchTests.swift */; };
		CCCEFADB2923BF440050F341 /* WalktroughtCell.swift in Sources */ = {isa = PBXBuildFile; fileRef = CCCEFADA2923BF440050F341 /* WalktroughtCell.swift */; };
		CCE3BCCC2917199D009CED24 /* Poppins-ExtraBold.ttf in Resources */ = {isa = PBXBuildFile; fileRef = CCE3BCC32917199C009CED24 /* Poppins-ExtraBold.ttf */; };
		CCE3BCCD2917199D009CED24 /* Poppins-Black.ttf in Resources */ = {isa = PBXBuildFile; fileRef = CCE3BCC42917199C009CED24 /* Poppins-Black.ttf */; };
		CCE3BCCE2917199D009CED24 /* Poppins-Regular.ttf in Resources */ = {isa = PBXBuildFile; fileRef = CCE3BCC52917199C009CED24 /* Poppins-Regular.ttf */; };
		CCE3BCCF2917199D009CED24 /* Poppins-Bold.ttf in Resources */ = {isa = PBXBuildFile; fileRef = CCE3BCC62917199D009CED24 /* Poppins-Bold.ttf */; };
		CCE3BCD02917199D009CED24 /* Poppins-SemiBold.ttf in Resources */ = {isa = PBXBuildFile; fileRef = CCE3BCC72917199D009CED24 /* Poppins-SemiBold.ttf */; };
		CCE3BCD12917199D009CED24 /* Poppins-Light.ttf in Resources */ = {isa = PBXBuildFile; fileRef = CCE3BCC82917199D009CED24 /* Poppins-Light.ttf */; };
		CCE3BCD22917199D009CED24 /* Poppins-Medium.ttf in Resources */ = {isa = PBXBuildFile; fileRef = CCE3BCC92917199D009CED24 /* Poppins-Medium.ttf */; };
		CCE3BCD32917199D009CED24 /* Poppins-ExtraLight.ttf in Resources */ = {isa = PBXBuildFile; fileRef = CCE3BCCA2917199D009CED24 /* Poppins-ExtraLight.ttf */; };
		CCE3BCD42917199D009CED24 /* Poppins-Thin.ttf in Resources */ = {isa = PBXBuildFile; fileRef = CCE3BCCB2917199D009CED24 /* Poppins-Thin.ttf */; };
		CCE3BCD8291719FE009CED24 /* Karla-Regular.ttf in Resources */ = {isa = PBXBuildFile; fileRef = CCE3BCD6291719FE009CED24 /* Karla-Regular.ttf */; };
		CCE3BCD9291719FE009CED24 /* Karla-Bold.ttf in Resources */ = {isa = PBXBuildFile; fileRef = CCE3BCD7291719FE009CED24 /* Karla-Bold.ttf */; };
/* End PBXBuildFile section */

/* Begin PBXContainerItemProxy section */
		CCA9C49F290B38FD00CFCD9D /* PBXContainerItemProxy */ = {
			isa = PBXContainerItemProxy;
			containerPortal = CCA9C480290B38FA00CFCD9D /* Project object */;
			proxyType = 1;
			remoteGlobalIDString = CCA9C487290B38FA00CFCD9D;
			remoteInfo = Botiquin;
		};
		CCA9C4A9290B38FD00CFCD9D /* PBXContainerItemProxy */ = {
			isa = PBXContainerItemProxy;
			containerPortal = CCA9C480290B38FA00CFCD9D /* Project object */;
			proxyType = 1;
			remoteGlobalIDString = CCA9C487290B38FA00CFCD9D;
			remoteInfo = Botiquin;
		};
/* End PBXContainerItemProxy section */

/* Begin PBXFileReference section */
		33CB8A064C07013B4A2545ED /* Pods-BotiquinTests.release.xcconfig */ = {isa = PBXFileReference; includeInIndex = 1; lastKnownFileType = text.xcconfig; name = "Pods-BotiquinTests.release.xcconfig"; path = "Target Support Files/Pods-BotiquinTests/Pods-BotiquinTests.release.xcconfig"; sourceTree = "<group>"; };
		8D57BD8C07D47191FE3DD691 /* Pods_BotiquinTests.framework */ = {isa = PBXFileReference; explicitFileType = wrapper.framework; includeInIndex = 0; path = Pods_BotiquinTests.framework; sourceTree = BUILT_PRODUCTS_DIR; };
		BEAC3CC945CA14084B4CD0B5 /* Pods-Botiquin.release.xcconfig */ = {isa = PBXFileReference; includeInIndex = 1; lastKnownFileType = text.xcconfig; name = "Pods-Botiquin.release.xcconfig"; path = "Target Support Files/Pods-Botiquin/Pods-Botiquin.release.xcconfig"; sourceTree = "<group>"; };
		CC16B32C29171C3F00DC2EE9 /* ColorPalette.swift */ = {isa = PBXFileReference; lastKnownFileType = sourcecode.swift; path = ColorPalette.swift; sourceTree = "<group>"; };
		CC16B32E29180C7D00DC2EE9 /* FontStyles.swift */ = {isa = PBXFileReference; lastKnownFileType = sourcecode.swift; path = FontStyles.swift; sourceTree = "<group>"; };
		CC16B33429180FB400DC2EE9 /* SplashViewController.swift */ = {isa = PBXFileReference; lastKnownFileType = sourcecode.swift; path = SplashViewController.swift; sourceTree = "<group>"; };
		CC39D86A291AA1BE00D1087C /* SplashViewModel.swift */ = {isa = PBXFileReference; lastKnownFileType = sourcecode.swift; path = SplashViewModel.swift; sourceTree = "<group>"; };
		CC81DF0D2917105000CB4DE4 /* FlexiblePageControl.swift */ = {isa = PBXFileReference; lastKnownFileType = sourcecode.swift; path = FlexiblePageControl.swift; sourceTree = "<group>"; };
		CCA1D05929230AE00010CD4D /* ArrayExtensions.swift */ = {isa = PBXFileReference; lastKnownFileType = sourcecode.swift; path = ArrayExtensions.swift; sourceTree = "<group>"; };
		CCA1D05D2923147F0010CD4D /* FloatLabelTextField.swift */ = {isa = PBXFileReference; fileEncoding = 4; lastKnownFileType = sourcecode.swift; path = FloatLabelTextField.swift; sourceTree = "<group>"; };
		CCA1D05F292314960010CD4D /* PasswordToggleView.swift */ = {isa = PBXFileReference; fileEncoding = 4; lastKnownFileType = sourcecode.swift; path = PasswordToggleView.swift; sourceTree = "<group>"; };
		CCA1D060292314970010CD4D /* PasswordToggleView.xib */ = {isa = PBXFileReference; fileEncoding = 4; lastKnownFileType = file.xib; path = PasswordToggleView.xib; sourceTree = "<group>"; };
		CCA1D064292314BD0010CD4D /* InputValidator.swift */ = {isa = PBXFileReference; fileEncoding = 4; lastKnownFileType = sourcecode.swift; path = InputValidator.swift; sourceTree = "<group>"; };
		CCA1D065292314BD0010CD4D /* InputMask.swift */ = {isa = PBXFileReference; fileEncoding = 4; lastKnownFileType = sourcecode.swift; path = InputMask.swift; sourceTree = "<group>"; };
		CCA1D06A292314BD0010CD4D /* PasswordValidation.swift */ = {isa = PBXFileReference; fileEncoding = 4; lastKnownFileType = sourcecode.swift; path = PasswordValidation.swift; sourceTree = "<group>"; };
		CCA1D06B292314BD0010CD4D /* RegexType.swift */ = {isa = PBXFileReference; fileEncoding = 4; lastKnownFileType = sourcecode.swift; path = RegexType.swift; sourceTree = "<group>"; };
		CCA1D06C292314BD0010CD4D /* EmailValidation.swift */ = {isa = PBXFileReference; fileEncoding = 4; lastKnownFileType = sourcecode.swift; path = EmailValidation.swift; sourceTree = "<group>"; };
		CCA1D06D292314BD0010CD4D /* FilledValidation.swift */ = {isa = PBXFileReference; fileEncoding = 4; lastKnownFileType = sourcecode.swift; path = FilledValidation.swift; sourceTree = "<group>"; };
		CCA1D06F292314BD0010CD4D /* FullNameValidation.swift */ = {isa = PBXFileReference; fileEncoding = 4; lastKnownFileType = sourcecode.swift; path = FullNameValidation.swift; sourceTree = "<group>"; };
		CCA1D070292314BD0010CD4D /* PhoneValidation.swift */ = {isa = PBXFileReference; fileEncoding = 4; lastKnownFileType = sourcecode.swift; path = PhoneValidation.swift; sourceTree = "<group>"; };
		CCA1D07E292314D50010CD4D /* AKMaskFieldBrackets.swift */ = {isa = PBXFileReference; fileEncoding = 4; lastKnownFileType = sourcecode.swift; path = AKMaskFieldBrackets.swift; sourceTree = "<group>"; };
		CCA1D07F292314D50010CD4D /* AKMaskFieldEvent.swift */ = {isa = PBXFileReference; fileEncoding = 4; lastKnownFileType = sourcecode.swift; path = AKMaskFieldEvent.swift; sourceTree = "<group>"; };
		CCA1D080292314D50010CD4D /* AKMaskFieldBlock.swift */ = {isa = PBXFileReference; fileEncoding = 4; lastKnownFileType = sourcecode.swift; path = AKMaskFieldBlock.swift; sourceTree = "<group>"; };
		CCA1D081292314D50010CD4D /* AKMaskField.swift */ = {isa = PBXFileReference; fileEncoding = 4; lastKnownFileType = sourcecode.swift; path = AKMaskField.swift; sourceTree = "<group>"; };
		CCA1D082292314D50010CD4D /* AKMaskFieldUtility.swift */ = {isa = PBXFileReference; fileEncoding = 4; lastKnownFileType = sourcecode.swift; path = AKMaskFieldUtility.swift; sourceTree = "<group>"; };
		CCA1D083292314D50010CD4D /* AKMaskFieldBlockCharacter.swift */ = {isa = PBXFileReference; fileEncoding = 4; lastKnownFileType = sourcecode.swift; path = AKMaskFieldBlockCharacter.swift; sourceTree = "<group>"; };
		CCA1D084292314D50010CD4D /* AKMaskFieldPatternCharacter.swift */ = {isa = PBXFileReference; fileEncoding = 4; lastKnownFileType = sourcecode.swift; path = AKMaskFieldPatternCharacter.swift; sourceTree = "<group>"; };
		CCA1D085292314D50010CD4D /* AKMaskFieldStatus.swift */ = {isa = PBXFileReference; fileEncoding = 4; lastKnownFileType = sourcecode.swift; path = AKMaskFieldStatus.swift; sourceTree = "<group>"; };
		CCA1D08E292315150010CD4D /* StringExtension.swift */ = {isa = PBXFileReference; fileEncoding = 4; lastKnownFileType = sourcecode.swift; path = StringExtension.swift; sourceTree = "<group>"; };
		CCA1D090292315DC0010CD4D /* UIImageExtensions.swift */ = {isa = PBXFileReference; fileEncoding = 4; lastKnownFileType = sourcecode.swift; path = UIImageExtensions.swift; sourceTree = "<group>"; };
		CCA1D092292316180010CD4D /* Rulable.swift */ = {isa = PBXFileReference; fileEncoding = 4; lastKnownFileType = sourcecode.swift; path = Rulable.swift; sourceTree = "<group>"; };
		CCA1D094292317700010CD4D /* LoginViewController.swift */ = {isa = PBXFileReference; lastKnownFileType = sourcecode.swift; path = LoginViewController.swift; sourceTree = "<group>"; };
		CCA1D096292354F90010CD4D /* LoginProtocols.swift */ = {isa = PBXFileReference; lastKnownFileType = sourcecode.swift; path = LoginProtocols.swift; sourceTree = "<group>"; };
		CCA1D098292356960010CD4D /* LoginPresenter.swift */ = {isa = PBXFileReference; lastKnownFileType = sourcecode.swift; path = LoginPresenter.swift; sourceTree = "<group>"; };
		CCA1D09A292356DE0010CD4D /* LoginRouter.swift */ = {isa = PBXFileReference; lastKnownFileType = sourcecode.swift; path = LoginRouter.swift; sourceTree = "<group>"; };
		CCA1D09C292357280010CD4D /* LoginBuilder.swift */ = {isa = PBXFileReference; lastKnownFileType = sourcecode.swift; path = LoginBuilder.swift; sourceTree = "<group>"; };
		CCA1D09E292357AB0010CD4D /* WindowExtensions.swift */ = {isa = PBXFileReference; lastKnownFileType = sourcecode.swift; path = WindowExtensions.swift; sourceTree = "<group>"; };
		CCA1D0A129235B900010CD4D /* WalktroughtViewController.swift */ = {isa = PBXFileReference; lastKnownFileType = sourcecode.swift; path = WalktroughtViewController.swift; sourceTree = "<group>"; };
		CCA9C488290B38FA00CFCD9D /* Botiquin.app */ = {isa = PBXFileReference; explicitFileType = wrapper.application; includeInIndex = 0; path = Botiquin.app; sourceTree = BUILT_PRODUCTS_DIR; };
		CCA9C48B290B38FA00CFCD9D /* AppDelegate.swift */ = {isa = PBXFileReference; lastKnownFileType = sourcecode.swift; path = AppDelegate.swift; sourceTree = "<group>"; };
		CCA9C48D290B38FA00CFCD9D /* SceneDelegate.swift */ = {isa = PBXFileReference; lastKnownFileType = sourcecode.swift; path = SceneDelegate.swift; sourceTree = "<group>"; };
		CCA9C492290B38FA00CFCD9D /* Base */ = {isa = PBXFileReference; lastKnownFileType = file.storyboard; name = Base; path = Base.lproj/Main.storyboard; sourceTree = "<group>"; };
		CCA9C494290B38FD00CFCD9D /* Assets.xcassets */ = {isa = PBXFileReference; lastKnownFileType = folder.assetcatalog; path = Assets.xcassets; sourceTree = "<group>"; };
		CCA9C497290B38FD00CFCD9D /* Base */ = {isa = PBXFileReference; lastKnownFileType = file.storyboard; name = Base; path = Base.lproj/LaunchScreen.storyboard; sourceTree = "<group>"; };
		CCA9C499290B38FD00CFCD9D /* Info.plist */ = {isa = PBXFileReference; lastKnownFileType = text.plist.xml; path = Info.plist; sourceTree = "<group>"; };
		CCA9C49E290B38FD00CFCD9D /* BotiquinTests.xctest */ = {isa = PBXFileReference; explicitFileType = wrapper.cfbundle; includeInIndex = 0; path = BotiquinTests.xctest; sourceTree = BUILT_PRODUCTS_DIR; };
		CCA9C4A2290B38FD00CFCD9D /* BotiquinTests.swift */ = {isa = PBXFileReference; lastKnownFileType = sourcecode.swift; path = BotiquinTests.swift; sourceTree = "<group>"; };
		CCA9C4A8290B38FD00CFCD9D /* BotiquinUITests.xctest */ = {isa = PBXFileReference; explicitFileType = wrapper.cfbundle; includeInIndex = 0; path = BotiquinUITests.xctest; sourceTree = BUILT_PRODUCTS_DIR; };
		CCA9C4AC290B38FD00CFCD9D /* BotiquinUITests.swift */ = {isa = PBXFileReference; lastKnownFileType = sourcecode.swift; path = BotiquinUITests.swift; sourceTree = "<group>"; };
		CCA9C4AE290B38FD00CFCD9D /* BotiquinUITestsLaunchTests.swift */ = {isa = PBXFileReference; lastKnownFileType = sourcecode.swift; path = BotiquinUITestsLaunchTests.swift; sourceTree = "<group>"; };
		CCCEFADA2923BF440050F341 /* WalktroughtCell.swift */ = {isa = PBXFileReference; lastKnownFileType = sourcecode.swift; path = WalktroughtCell.swift; sourceTree = "<group>"; };
		CCE3BCC32917199C009CED24 /* Poppins-ExtraBold.ttf */ = {isa = PBXFileReference; lastKnownFileType = file; path = "Poppins-ExtraBold.ttf"; sourceTree = "<group>"; };
		CCE3BCC42917199C009CED24 /* Poppins-Black.ttf */ = {isa = PBXFileReference; lastKnownFileType = file; path = "Poppins-Black.ttf"; sourceTree = "<group>"; };
		CCE3BCC52917199C009CED24 /* Poppins-Regular.ttf */ = {isa = PBXFileReference; lastKnownFileType = file; path = "Poppins-Regular.ttf"; sourceTree = "<group>"; };
		CCE3BCC62917199D009CED24 /* Poppins-Bold.ttf */ = {isa = PBXFileReference; lastKnownFileType = file; path = "Poppins-Bold.ttf"; sourceTree = "<group>"; };
		CCE3BCC72917199D009CED24 /* Poppins-SemiBold.ttf */ = {isa = PBXFileReference; lastKnownFileType = file; path = "Poppins-SemiBold.ttf"; sourceTree = "<group>"; };
		CCE3BCC82917199D009CED24 /* Poppins-Light.ttf */ = {isa = PBXFileReference; lastKnownFileType = file; path = "Poppins-Light.ttf"; sourceTree = "<group>"; };
		CCE3BCC92917199D009CED24 /* Poppins-Medium.ttf */ = {isa = PBXFileReference; lastKnownFileType = file; path = "Poppins-Medium.ttf"; sourceTree = "<group>"; };
		CCE3BCCA2917199D009CED24 /* Poppins-ExtraLight.ttf */ = {isa = PBXFileReference; lastKnownFileType = file; path = "Poppins-ExtraLight.ttf"; sourceTree = "<group>"; };
		CCE3BCCB2917199D009CED24 /* Poppins-Thin.ttf */ = {isa = PBXFileReference; lastKnownFileType = file; path = "Poppins-Thin.ttf"; sourceTree = "<group>"; };
		CCE3BCD6291719FE009CED24 /* Karla-Regular.ttf */ = {isa = PBXFileReference; lastKnownFileType = file; path = "Karla-Regular.ttf"; sourceTree = "<group>"; };
		CCE3BCD7291719FE009CED24 /* Karla-Bold.ttf */ = {isa = PBXFileReference; lastKnownFileType = file; path = "Karla-Bold.ttf"; sourceTree = "<group>"; };
		CF788DCA7F0F435CD1BA8239 /* Pods_Botiquin.framework */ = {isa = PBXFileReference; explicitFileType = wrapper.framework; includeInIndex = 0; path = Pods_Botiquin.framework; sourceTree = BUILT_PRODUCTS_DIR; };
		DDB22AD876F827F27EC3CF9B /* Pods-BotiquinTests.debug.xcconfig */ = {isa = PBXFileReference; includeInIndex = 1; lastKnownFileType = text.xcconfig; name = "Pods-BotiquinTests.debug.xcconfig"; path = "Target Support Files/Pods-BotiquinTests/Pods-BotiquinTests.debug.xcconfig"; sourceTree = "<group>"; };
		EABC08960B2D58DAB5AC420A /* Pods-Botiquin.debug.xcconfig */ = {isa = PBXFileReference; includeInIndex = 1; lastKnownFileType = text.xcconfig; name = "Pods-Botiquin.debug.xcconfig"; path = "Target Support Files/Pods-Botiquin/Pods-Botiquin.debug.xcconfig"; sourceTree = "<group>"; };
/* End PBXFileReference section */

/* Begin PBXFrameworksBuildPhase section */
		CCA9C485290B38FA00CFCD9D /* Frameworks */ = {
			isa = PBXFrameworksBuildPhase;
			buildActionMask = 2147483647;
			files = (
				A34C6833DC0C184032038D68 /* Pods_Botiquin.framework in Frameworks */,
			);
			runOnlyForDeploymentPostprocessing = 0;
		};
		CCA9C49B290B38FD00CFCD9D /* Frameworks */ = {
			isa = PBXFrameworksBuildPhase;
			buildActionMask = 2147483647;
			files = (
				29FBC20C772369D0DB57C366 /* Pods_BotiquinTests.framework in Frameworks */,
			);
			runOnlyForDeploymentPostprocessing = 0;
		};
		CCA9C4A5290B38FD00CFCD9D /* Frameworks */ = {
			isa = PBXFrameworksBuildPhase;
			buildActionMask = 2147483647;
			files = (
			);
			runOnlyForDeploymentPostprocessing = 0;
		};
/* End PBXFrameworksBuildPhase section */

/* Begin PBXGroup section */
		63E48FB76F00195D91825AEA /* Pods */ = {
			isa = PBXGroup;
			children = (
				EABC08960B2D58DAB5AC420A /* Pods-Botiquin.debug.xcconfig */,
				BEAC3CC945CA14084B4CD0B5 /* Pods-Botiquin.release.xcconfig */,
				DDB22AD876F827F27EC3CF9B /* Pods-BotiquinTests.debug.xcconfig */,
				33CB8A064C07013B4A2545ED /* Pods-BotiquinTests.release.xcconfig */,
			);
			path = Pods;
			sourceTree = "<group>";
		};
		844FB31C4DEE6374AECCF39E /* Frameworks */ = {
			isa = PBXGroup;
			children = (
				CF788DCA7F0F435CD1BA8239 /* Pods_Botiquin.framework */,
				8D57BD8C07D47191FE3DD691 /* Pods_BotiquinTests.framework */,
			);
			name = Frameworks;
			sourceTree = "<group>";
		};
		CC16B32B29171BE700DC2EE9 /* Styles */ = {
			isa = PBXGroup;
			children = (
				CC16B32C29171C3F00DC2EE9 /* ColorPalette.swift */,
				CC16B32E29180C7D00DC2EE9 /* FontStyles.swift */,
			);
			path = Styles;
			sourceTree = "<group>";
		};
		CC16B33029180F2E00DC2EE9 /* Modules */ = {
			isa = PBXGroup;
			children = (
				CCA1D0A029235AAC0010CD4D /* Walktrought */,
				CCA1D05B2923141C0010CD4D /* Login */,
				CC16B33129180F4100DC2EE9 /* Splash */,
			);
			path = Modules;
			sourceTree = "<group>";
		};
		CC16B33129180F4100DC2EE9 /* Splash */ = {
			isa = PBXGroup;
			children = (
				CC16B33429180FB400DC2EE9 /* SplashViewController.swift */,
				CC39D86A291AA1BE00D1087C /* SplashViewModel.swift */,
			);
			path = Splash;
			sourceTree = "<group>";
		};
		CC81DF0929170FF900CB4DE4 /* Classes */ = {
			isa = PBXGroup;
			children = (
				CC81DF0A2917101E00CB4DE4 /* Utils */,
			);
			path = Classes;
			sourceTree = "<group>";
		};
		CC81DF0A2917101E00CB4DE4 /* Utils */ = {
			isa = PBXGroup;
			children = (
				CCA1D05829230ACF0010CD4D /* Extensions */,
				CC81DF0B2917102A00CB4DE4 /* Components */,
			);
			path = Utils;
			sourceTree = "<group>";
		};
		CC81DF0B2917102A00CB4DE4 /* Components */ = {
			isa = PBXGroup;
			children = (
				CCA1D05C292314720010CD4D /* Botiquin */,
				CC81DF0C2917103600CB4DE4 /* ThirdParty */,
			);
			path = Components;
			sourceTree = "<group>";
		};
		CC81DF0C2917103600CB4DE4 /* ThirdParty */ = {
			isa = PBXGroup;
			children = (
				CCA1D07D292314D50010CD4D /* AKMaskField */,
				CC81DF0D2917105000CB4DE4 /* FlexiblePageControl.swift */,
			);
			path = ThirdParty;
			sourceTree = "<group>";
		};
		CC81DF0F2917109E00CB4DE4 /* SupportFiles */ = {
			isa = PBXGroup;
			children = (
				CC16B32B29171BE700DC2EE9 /* Styles */,
				CCE3BCC22917195E009CED24 /* Fonts */,
				CCA9C499290B38FD00CFCD9D /* Info.plist */,
				CCA9C48B290B38FA00CFCD9D /* AppDelegate.swift */,
				CCA9C48D290B38FA00CFCD9D /* SceneDelegate.swift */,
				CCA9C494290B38FD00CFCD9D /* Assets.xcassets */,
			);
			path = SupportFiles;
			sourceTree = "<group>";
		};
		CC81DF10291712CF00CB4DE4 /* Storyboards */ = {
			isa = PBXGroup;
			children = (
				CCA9C491290B38FA00CFCD9D /* Main.storyboard */,
				CCA9C496290B38FD00CFCD9D /* LaunchScreen.storyboard */,
			);
			path = Storyboards;
			sourceTree = "<group>";
		};
		CCA1D05829230ACF0010CD4D /* Extensions */ = {
			isa = PBXGroup;
			children = (
				CCA1D05929230AE00010CD4D /* ArrayExtensions.swift */,
				CCA1D08E292315150010CD4D /* StringExtension.swift */,
				CCA1D090292315DC0010CD4D /* UIImageExtensions.swift */,
				CCA1D09E292357AB0010CD4D /* WindowExtensions.swift */,
			);
			path = Extensions;
			sourceTree = "<group>";
		};
		CCA1D05B2923141C0010CD4D /* Login */ = {
			isa = PBXGroup;
			children = (
				CCA1D09C292357280010CD4D /* LoginBuilder.swift */,
				CCA1D098292356960010CD4D /* LoginPresenter.swift */,
				CCA1D096292354F90010CD4D /* LoginProtocols.swift */,
				CCA1D09A292356DE0010CD4D /* LoginRouter.swift */,
				CCA1D094292317700010CD4D /* LoginViewController.swift */,
			);
			path = Login;
			sourceTree = "<group>";
		};
		CCA1D05C292314720010CD4D /* Botiquin */ = {
			isa = PBXGroup;
			children = (
				CCA1D063292314BD0010CD4D /* Inputs */,
				CCA1D05D2923147F0010CD4D /* FloatLabelTextField.swift */,
				CCA1D05F292314960010CD4D /* PasswordToggleView.swift */,
				CCA1D060292314970010CD4D /* PasswordToggleView.xib */,
			);
			path = Botiquin;
			sourceTree = "<group>";
		};
		CCA1D063292314BD0010CD4D /* Inputs */ = {
			isa = PBXGroup;
			children = (
				CCA1D065292314BD0010CD4D /* InputMask.swift */,
				CCA1D064292314BD0010CD4D /* InputValidator.swift */,
				CCA1D092292316180010CD4D /* Rulable.swift */,
				CCA1D066292314BD0010CD4D /* Validations */,
			);
			path = Inputs;
			sourceTree = "<group>";
		};
		CCA1D066292314BD0010CD4D /* Validations */ = {
			isa = PBXGroup;
			children = (
				CCA1D06A292314BD0010CD4D /* PasswordValidation.swift */,
				CCA1D06B292314BD0010CD4D /* RegexType.swift */,
				CCA1D06C292314BD0010CD4D /* EmailValidation.swift */,
				CCA1D06D292314BD0010CD4D /* FilledValidation.swift */,
				CCA1D06F292314BD0010CD4D /* FullNameValidation.swift */,
				CCA1D070292314BD0010CD4D /* PhoneValidation.swift */,
			);
			path = Validations;
			sourceTree = "<group>";
		};
		CCA1D07D292314D50010CD4D /* AKMaskField */ = {
			isa = PBXGroup;
			children = (
				CCA1D07E292314D50010CD4D /* AKMaskFieldBrackets.swift */,
				CCA1D07F292314D50010CD4D /* AKMaskFieldEvent.swift */,
				CCA1D080292314D50010CD4D /* AKMaskFieldBlock.swift */,
				CCA1D081292314D50010CD4D /* AKMaskField.swift */,
				CCA1D082292314D50010CD4D /* AKMaskFieldUtility.swift */,
				CCA1D083292314D50010CD4D /* AKMaskFieldBlockCharacter.swift */,
				CCA1D084292314D50010CD4D /* AKMaskFieldPatternCharacter.swift */,
				CCA1D085292314D50010CD4D /* AKMaskFieldStatus.swift */,
			);
			path = AKMaskField;
			sourceTree = "<group>";
		};
		CCA1D0A029235AAC0010CD4D /* Walktrought */ = {
			isa = PBXGroup;
			children = (
				CCCEFADA2923BF440050F341 /* WalktroughtCell.swift */,
				CCA1D0A129235B900010CD4D /* WalktroughtViewController.swift */,
			);
			path = Walktrought;
			sourceTree = "<group>";
		};
		CCA9C47F290B38FA00CFCD9D = {
			isa = PBXGroup;
			children = (
				CCA9C48A290B38FA00CFCD9D /* Botiquin */,
				CCA9C4A1290B38FD00CFCD9D /* BotiquinTests */,
				CCA9C4AB290B38FD00CFCD9D /* BotiquinUITests */,
				CCA9C489290B38FA00CFCD9D /* Products */,
				63E48FB76F00195D91825AEA /* Pods */,
				844FB31C4DEE6374AECCF39E /* Frameworks */,
			);
			sourceTree = "<group>";
		};
		CCA9C489290B38FA00CFCD9D /* Products */ = {
			isa = PBXGroup;
			children = (
				CCA9C488290B38FA00CFCD9D /* Botiquin.app */,
				CCA9C49E290B38FD00CFCD9D /* BotiquinTests.xctest */,
				CCA9C4A8290B38FD00CFCD9D /* BotiquinUITests.xctest */,
			);
			name = Products;
			sourceTree = "<group>";
		};
		CCA9C48A290B38FA00CFCD9D /* Botiquin */ = {
			isa = PBXGroup;
			children = (
				CC81DF0929170FF900CB4DE4 /* Classes */,
				CC16B33029180F2E00DC2EE9 /* Modules */,
				CC81DF10291712CF00CB4DE4 /* Storyboards */,
				CC81DF0F2917109E00CB4DE4 /* SupportFiles */,
			);
			path = Botiquin;
			sourceTree = "<group>";
		};
		CCA9C4A1290B38FD00CFCD9D /* BotiquinTests */ = {
			isa = PBXGroup;
			children = (
				CCA9C4A2290B38FD00CFCD9D /* BotiquinTests.swift */,
			);
			path = BotiquinTests;
			sourceTree = "<group>";
		};
		CCA9C4AB290B38FD00CFCD9D /* BotiquinUITests */ = {
			isa = PBXGroup;
			children = (
				CCA9C4AC290B38FD00CFCD9D /* BotiquinUITests.swift */,
				CCA9C4AE290B38FD00CFCD9D /* BotiquinUITestsLaunchTests.swift */,
			);
			path = BotiquinUITests;
			sourceTree = "<group>";
		};
		CCE3BCC22917195E009CED24 /* Fonts */ = {
			isa = PBXGroup;
			children = (
				CCE3BCDA29171A04009CED24 /* Karla */,
				CCE3BCD5291719AC009CED24 /* Poppins */,
			);
			path = Fonts;
			sourceTree = "<group>";
		};
		CCE3BCD5291719AC009CED24 /* Poppins */ = {
			isa = PBXGroup;
			children = (
				CCE3BCC42917199C009CED24 /* Poppins-Black.ttf */,
				CCE3BCC62917199D009CED24 /* Poppins-Bold.ttf */,
				CCE3BCC32917199C009CED24 /* Poppins-ExtraBold.ttf */,
				CCE3BCCA2917199D009CED24 /* Poppins-ExtraLight.ttf */,
				CCE3BCC82917199D009CED24 /* Poppins-Light.ttf */,
				CCE3BCC92917199D009CED24 /* Poppins-Medium.ttf */,
				CCE3BCC52917199C009CED24 /* Poppins-Regular.ttf */,
				CCE3BCC72917199D009CED24 /* Poppins-SemiBold.ttf */,
				CCE3BCCB2917199D009CED24 /* Poppins-Thin.ttf */,
			);
			path = Poppins;
			sourceTree = "<group>";
		};
		CCE3BCDA29171A04009CED24 /* Karla */ = {
			isa = PBXGroup;
			children = (
				CCE3BCD7291719FE009CED24 /* Karla-Bold.ttf */,
				CCE3BCD6291719FE009CED24 /* Karla-Regular.ttf */,
			);
			path = Karla;
			sourceTree = "<group>";
		};
/* End PBXGroup section */

/* Begin PBXNativeTarget section */
		CCA9C487290B38FA00CFCD9D /* Botiquin */ = {
			isa = PBXNativeTarget;
			buildConfigurationList = CCA9C4B2290B38FD00CFCD9D /* Build configuration list for PBXNativeTarget "Botiquin" */;
			buildPhases = (
				422825A5D722808253166F40 /* [CP] Check Pods Manifest.lock */,
				CCA9C484290B38FA00CFCD9D /* Sources */,
				CCA9C485290B38FA00CFCD9D /* Frameworks */,
				CCA9C486290B38FA00CFCD9D /* Resources */,
				5B8876D55D0ACC0AAFEE0741 /* [CP] Embed Pods Frameworks */,
			);
			buildRules = (
			);
			dependencies = (
			);
			name = Botiquin;
			productName = Botiquin;
			productReference = CCA9C488290B38FA00CFCD9D /* Botiquin.app */;
			productType = "com.apple.product-type.application";
		};
		CCA9C49D290B38FD00CFCD9D /* BotiquinTests */ = {
			isa = PBXNativeTarget;
			buildConfigurationList = CCA9C4B5290B38FD00CFCD9D /* Build configuration list for PBXNativeTarget "BotiquinTests" */;
			buildPhases = (
				AA40F4C36318E33D787F0E81 /* [CP] Check Pods Manifest.lock */,
				CCA9C49A290B38FD00CFCD9D /* Sources */,
				CCA9C49B290B38FD00CFCD9D /* Frameworks */,
				CCA9C49C290B38FD00CFCD9D /* Resources */,
				93B7040098212E1388E93556 /* [CP] Embed Pods Frameworks */,
			);
			buildRules = (
			);
			dependencies = (
				CCA9C4A0290B38FD00CFCD9D /* PBXTargetDependency */,
			);
			name = BotiquinTests;
			productName = BotiquinTests;
			productReference = CCA9C49E290B38FD00CFCD9D /* BotiquinTests.xctest */;
			productType = "com.apple.product-type.bundle.unit-test";
		};
		CCA9C4A7290B38FD00CFCD9D /* BotiquinUITests */ = {
			isa = PBXNativeTarget;
			buildConfigurationList = CCA9C4B8290B38FD00CFCD9D /* Build configuration list for PBXNativeTarget "BotiquinUITests" */;
			buildPhases = (
				CCA9C4A4290B38FD00CFCD9D /* Sources */,
				CCA9C4A5290B38FD00CFCD9D /* Frameworks */,
				CCA9C4A6290B38FD00CFCD9D /* Resources */,
			);
			buildRules = (
			);
			dependencies = (
				CCA9C4AA290B38FD00CFCD9D /* PBXTargetDependency */,
			);
			name = BotiquinUITests;
			productName = BotiquinUITests;
			productReference = CCA9C4A8290B38FD00CFCD9D /* BotiquinUITests.xctest */;
			productType = "com.apple.product-type.bundle.ui-testing";
		};
/* End PBXNativeTarget section */

/* Begin PBXProject section */
		CCA9C480290B38FA00CFCD9D /* Project object */ = {
			isa = PBXProject;
			attributes = {
				BuildIndependentTargetsInParallel = 1;
				LastSwiftUpdateCheck = 1400;
				LastUpgradeCheck = 1400;
				TargetAttributes = {
					CCA9C487290B38FA00CFCD9D = {
						CreatedOnToolsVersion = 14.0.1;
					};
					CCA9C49D290B38FD00CFCD9D = {
						CreatedOnToolsVersion = 14.0.1;
						TestTargetID = CCA9C487290B38FA00CFCD9D;
					};
					CCA9C4A7290B38FD00CFCD9D = {
						CreatedOnToolsVersion = 14.0.1;
						TestTargetID = CCA9C487290B38FA00CFCD9D;
					};
				};
			};
			buildConfigurationList = CCA9C483290B38FA00CFCD9D /* Build configuration list for PBXProject "Botiquin" */;
			compatibilityVersion = "Xcode 13.0";
			developmentRegion = en;
			hasScannedForEncodings = 0;
			knownRegions = (
				en,
				Base,
			);
			mainGroup = CCA9C47F290B38FA00CFCD9D;
			productRefGroup = CCA9C489290B38FA00CFCD9D /* Products */;
			projectDirPath = "";
			projectRoot = "";
			targets = (
				CCA9C487290B38FA00CFCD9D /* Botiquin */,
				CCA9C49D290B38FD00CFCD9D /* BotiquinTests */,
				CCA9C4A7290B38FD00CFCD9D /* BotiquinUITests */,
			);
		};
/* End PBXProject section */

/* Begin PBXResourcesBuildPhase section */
		CCA9C486290B38FA00CFCD9D /* Resources */ = {
			isa = PBXResourcesBuildPhase;
			buildActionMask = 2147483647;
			files = (
				CCE3BCCC2917199D009CED24 /* Poppins-ExtraBold.ttf in Resources */,
				CCE3BCD12917199D009CED24 /* Poppins-Light.ttf in Resources */,
				CCA9C498290B38FD00CFCD9D /* LaunchScreen.storyboard in Resources */,
				CCE3BCD9291719FE009CED24 /* Karla-Bold.ttf in Resources */,
				CCA1D062292314970010CD4D /* PasswordToggleView.xib in Resources */,
				CCE3BCCF2917199D009CED24 /* Poppins-Bold.ttf in Resources */,
				CCA9C495290B38FD00CFCD9D /* Assets.xcassets in Resources */,
				CCE3BCCE2917199D009CED24 /* Poppins-Regular.ttf in Resources */,
				CCE3BCD02917199D009CED24 /* Poppins-SemiBold.ttf in Resources */,
				CCE3BCD32917199D009CED24 /* Poppins-ExtraLight.ttf in Resources */,
				CCA9C493290B38FA00CFCD9D /* Main.storyboard in Resources */,
				CCE3BCD42917199D009CED24 /* Poppins-Thin.ttf in Resources */,
				CCE3BCCD2917199D009CED24 /* Poppins-Black.ttf in Resources */,
				CCE3BCD8291719FE009CED24 /* Karla-Regular.ttf in Resources */,
				CCE3BCD22917199D009CED24 /* Poppins-Medium.ttf in Resources */,
			);
			runOnlyForDeploymentPostprocessing = 0;
		};
		CCA9C49C290B38FD00CFCD9D /* Resources */ = {
			isa = PBXResourcesBuildPhase;
			buildActionMask = 2147483647;
			files = (
			);
			runOnlyForDeploymentPostprocessing = 0;
		};
		CCA9C4A6290B38FD00CFCD9D /* Resources */ = {
			isa = PBXResourcesBuildPhase;
			buildActionMask = 2147483647;
			files = (
			);
			runOnlyForDeploymentPostprocessing = 0;
		};
/* End PBXResourcesBuildPhase section */

/* Begin PBXShellScriptBuildPhase section */
		422825A5D722808253166F40 /* [CP] Check Pods Manifest.lock */ = {
			isa = PBXShellScriptBuildPhase;
			buildActionMask = 2147483647;
			files = (
			);
			inputFileListPaths = (
			);
			inputPaths = (
				"${PODS_PODFILE_DIR_PATH}/Podfile.lock",
				"${PODS_ROOT}/Manifest.lock",
			);
			name = "[CP] Check Pods Manifest.lock";
			outputFileListPaths = (
			);
			outputPaths = (
				"$(DERIVED_FILE_DIR)/Pods-Botiquin-checkManifestLockResult.txt",
			);
			runOnlyForDeploymentPostprocessing = 0;
			shellPath = /bin/sh;
			shellScript = "diff \"${PODS_PODFILE_DIR_PATH}/Podfile.lock\" \"${PODS_ROOT}/Manifest.lock\" > /dev/null\nif [ $? != 0 ] ; then\n    # print error to STDERR\n    echo \"error: The sandbox is not in sync with the Podfile.lock. Run 'pod install' or update your CocoaPods installation.\" >&2\n    exit 1\nfi\n# This output is used by Xcode 'outputs' to avoid re-running this script phase.\necho \"SUCCESS\" > \"${SCRIPT_OUTPUT_FILE_0}\"\n";
			showEnvVarsInLog = 0;
		};
		5B8876D55D0ACC0AAFEE0741 /* [CP] Embed Pods Frameworks */ = {
			isa = PBXShellScriptBuildPhase;
			buildActionMask = 2147483647;
			files = (
			);
			inputFileListPaths = (
				"${PODS_ROOT}/Target Support Files/Pods-Botiquin/Pods-Botiquin-frameworks-${CONFIGURATION}-input-files.xcfilelist",
			);
			name = "[CP] Embed Pods Frameworks";
			outputFileListPaths = (
				"${PODS_ROOT}/Target Support Files/Pods-Botiquin/Pods-Botiquin-frameworks-${CONFIGURATION}-output-files.xcfilelist",
			);
			runOnlyForDeploymentPostprocessing = 0;
			shellPath = /bin/sh;
			shellScript = "\"${PODS_ROOT}/Target Support Files/Pods-Botiquin/Pods-Botiquin-frameworks.sh\"\n";
			showEnvVarsInLog = 0;
		};
		93B7040098212E1388E93556 /* [CP] Embed Pods Frameworks */ = {
			isa = PBXShellScriptBuildPhase;
			buildActionMask = 2147483647;
			files = (
			);
			inputFileListPaths = (
				"${PODS_ROOT}/Target Support Files/Pods-BotiquinTests/Pods-BotiquinTests-frameworks-${CONFIGURATION}-input-files.xcfilelist",
			);
			name = "[CP] Embed Pods Frameworks";
			outputFileListPaths = (
				"${PODS_ROOT}/Target Support Files/Pods-BotiquinTests/Pods-BotiquinTests-frameworks-${CONFIGURATION}-output-files.xcfilelist",
			);
			runOnlyForDeploymentPostprocessing = 0;
			shellPath = /bin/sh;
			shellScript = "\"${PODS_ROOT}/Target Support Files/Pods-BotiquinTests/Pods-BotiquinTests-frameworks.sh\"\n";
			showEnvVarsInLog = 0;
		};
		AA40F4C36318E33D787F0E81 /* [CP] Check Pods Manifest.lock */ = {
			isa = PBXShellScriptBuildPhase;
			buildActionMask = 2147483647;
			files = (
			);
			inputFileListPaths = (
			);
			inputPaths = (
				"${PODS_PODFILE_DIR_PATH}/Podfile.lock",
				"${PODS_ROOT}/Manifest.lock",
			);
			name = "[CP] Check Pods Manifest.lock";
			outputFileListPaths = (
			);
			outputPaths = (
				"$(DERIVED_FILE_DIR)/Pods-BotiquinTests-checkManifestLockResult.txt",
			);
			runOnlyForDeploymentPostprocessing = 0;
			shellPath = /bin/sh;
			shellScript = "diff \"${PODS_PODFILE_DIR_PATH}/Podfile.lock\" \"${PODS_ROOT}/Manifest.lock\" > /dev/null\nif [ $? != 0 ] ; then\n    # print error to STDERR\n    echo \"error: The sandbox is not in sync with the Podfile.lock. Run 'pod install' or update your CocoaPods installation.\" >&2\n    exit 1\nfi\n# This output is used by Xcode 'outputs' to avoid re-running this script phase.\necho \"SUCCESS\" > \"${SCRIPT_OUTPUT_FILE_0}\"\n";
			showEnvVarsInLog = 0;
		};
/* End PBXShellScriptBuildPhase section */

/* Begin PBXSourcesBuildPhase section */
		CCA9C484290B38FA00CFCD9D /* Sources */ = {
			isa = PBXSourcesBuildPhase;
			buildActionMask = 2147483647;
			files = (
				CCA1D099292356960010CD4D /* LoginPresenter.swift in Sources */,
				CCA1D089292314D50010CD4D /* AKMaskField.swift in Sources */,
				CCA1D08F292315150010CD4D /* StringExtension.swift in Sources */,
				CCA1D091292315DC0010CD4D /* UIImageExtensions.swift in Sources */,
				CCA1D088292314D50010CD4D /* AKMaskFieldBlock.swift in Sources */,
				CCA1D08C292314D50010CD4D /* AKMaskFieldPatternCharacter.swift in Sources */,
				CCA1D076292314BD0010CD4D /* PasswordValidation.swift in Sources */,
				CC16B32D29171C3F00DC2EE9 /* ColorPalette.swift in Sources */,
				CCA1D09B292356DE0010CD4D /* LoginRouter.swift in Sources */,
				CCA1D0A229235B900010CD4D /* WalktroughtViewController.swift in Sources */,
				CCA1D097292354FA0010CD4D /* LoginProtocols.swift in Sources */,
				CCA1D08A292314D50010CD4D /* AKMaskFieldUtility.swift in Sources */,
				CCA1D08B292314D50010CD4D /* AKMaskFieldBlockCharacter.swift in Sources */,
				CCA1D07B292314BD0010CD4D /* FullNameValidation.swift in Sources */,
				CCA1D093292316180010CD4D /* Rulable.swift in Sources */,
				CCA1D078292314BD0010CD4D /* EmailValidation.swift in Sources */,
				CC16B32F29180C7F00DC2EE9 /* FontStyles.swift in Sources */,
				CCA1D079292314BD0010CD4D /* FilledValidation.swift in Sources */,
				CCA1D07C292314BD0010CD4D /* PhoneValidation.swift in Sources */,
				CC81DF0E2917105000CB4DE4 /* FlexiblePageControl.swift in Sources */,
				CCA1D061292314970010CD4D /* PasswordToggleView.swift in Sources */,
				CCA1D08D292314D50010CD4D /* AKMaskFieldStatus.swift in Sources */,
				CCA1D095292317700010CD4D /* LoginViewController.swift in Sources */,
				CC39D86B291AA1BE00D1087C /* SplashViewModel.swift in Sources */,
				CCA1D077292314BD0010CD4D /* RegexType.swift in Sources */,
				CCA1D086292314D50010CD4D /* AKMaskFieldBrackets.swift in Sources */,
				CCA1D087292314D50010CD4D /* AKMaskFieldEvent.swift in Sources */,
				CCCEFADB2923BF440050F341 /* WalktroughtCell.swift in Sources */,
				CCA9C48C290B38FA00CFCD9D /* AppDelegate.swift in Sources */,
				CC16B33529180FB400DC2EE9 /* SplashViewController.swift in Sources */,
				CCA1D05E2923147F0010CD4D /* FloatLabelTextField.swift in Sources */,
				CCA9C48E290B38FA00CFCD9D /* SceneDelegate.swift in Sources */,
				CCA1D05A29230AE00010CD4D /* ArrayExtensions.swift in Sources */,
				CCA1D072292314BD0010CD4D /* InputMask.swift in Sources */,
				CCA1D071292314BD0010CD4D /* InputValidator.swift in Sources */,
				CCA1D09D292357280010CD4D /* LoginBuilder.swift in Sources */,
				CCA1D09F292357AB0010CD4D /* WindowExtensions.swift in Sources */,
			);
			runOnlyForDeploymentPostprocessing = 0;
		};
		CCA9C49A290B38FD00CFCD9D /* Sources */ = {
			isa = PBXSourcesBuildPhase;
			buildActionMask = 2147483647;
			files = (
				CCA9C4A3290B38FD00CFCD9D /* BotiquinTests.swift in Sources */,
			);
			runOnlyForDeploymentPostprocessing = 0;
		};
		CCA9C4A4290B38FD00CFCD9D /* Sources */ = {
			isa = PBXSourcesBuildPhase;
			buildActionMask = 2147483647;
			files = (
				CCA9C4AF290B38FD00CFCD9D /* BotiquinUITestsLaunchTests.swift in Sources */,
				CCA9C4AD290B38FD00CFCD9D /* BotiquinUITests.swift in Sources */,
			);
			runOnlyForDeploymentPostprocessing = 0;
		};
/* End PBXSourcesBuildPhase section */

/* Begin PBXTargetDependency section */
		CCA9C4A0290B38FD00CFCD9D /* PBXTargetDependency */ = {
			isa = PBXTargetDependency;
			target = CCA9C487290B38FA00CFCD9D /* Botiquin */;
			targetProxy = CCA9C49F290B38FD00CFCD9D /* PBXContainerItemProxy */;
		};
		CCA9C4AA290B38FD00CFCD9D /* PBXTargetDependency */ = {
			isa = PBXTargetDependency;
			target = CCA9C487290B38FA00CFCD9D /* Botiquin */;
			targetProxy = CCA9C4A9290B38FD00CFCD9D /* PBXContainerItemProxy */;
		};
/* End PBXTargetDependency section */

/* Begin PBXVariantGroup section */
		CCA9C491290B38FA00CFCD9D /* Main.storyboard */ = {
			isa = PBXVariantGroup;
			children = (
				CCA9C492290B38FA00CFCD9D /* Base */,
			);
			name = Main.storyboard;
			sourceTree = "<group>";
		};
		CCA9C496290B38FD00CFCD9D /* LaunchScreen.storyboard */ = {
			isa = PBXVariantGroup;
			children = (
				CCA9C497290B38FD00CFCD9D /* Base */,
			);
			name = LaunchScreen.storyboard;
			sourceTree = "<group>";
		};
/* End PBXVariantGroup section */

/* Begin XCBuildConfiguration section */
		CCA9C4B0290B38FD00CFCD9D /* Debug */ = {
			isa = XCBuildConfiguration;
			buildSettings = {
				ALWAYS_SEARCH_USER_PATHS = NO;
				CLANG_ANALYZER_NONNULL = YES;
				CLANG_ANALYZER_NUMBER_OBJECT_CONVERSION = YES_AGGRESSIVE;
				CLANG_CXX_LANGUAGE_STANDARD = "gnu++20";
				CLANG_ENABLE_MODULES = YES;
				CLANG_ENABLE_OBJC_ARC = YES;
				CLANG_ENABLE_OBJC_WEAK = YES;
				CLANG_WARN_BLOCK_CAPTURE_AUTORELEASING = YES;
				CLANG_WARN_BOOL_CONVERSION = YES;
				CLANG_WARN_COMMA = YES;
				CLANG_WARN_CONSTANT_CONVERSION = YES;
				CLANG_WARN_DEPRECATED_OBJC_IMPLEMENTATIONS = YES;
				CLANG_WARN_DIRECT_OBJC_ISA_USAGE = YES_ERROR;
				CLANG_WARN_DOCUMENTATION_COMMENTS = YES;
				CLANG_WARN_EMPTY_BODY = YES;
				CLANG_WARN_ENUM_CONVERSION = YES;
				CLANG_WARN_INFINITE_RECURSION = YES;
				CLANG_WARN_INT_CONVERSION = YES;
				CLANG_WARN_NON_LITERAL_NULL_CONVERSION = YES;
				CLANG_WARN_OBJC_IMPLICIT_RETAIN_SELF = YES;
				CLANG_WARN_OBJC_LITERAL_CONVERSION = YES;
				CLANG_WARN_OBJC_ROOT_CLASS = YES_ERROR;
				CLANG_WARN_QUOTED_INCLUDE_IN_FRAMEWORK_HEADER = YES;
				CLANG_WARN_RANGE_LOOP_ANALYSIS = YES;
				CLANG_WARN_STRICT_PROTOTYPES = YES;
				CLANG_WARN_SUSPICIOUS_MOVE = YES;
				CLANG_WARN_UNGUARDED_AVAILABILITY = YES_AGGRESSIVE;
				CLANG_WARN_UNREACHABLE_CODE = YES;
				CLANG_WARN__DUPLICATE_METHOD_MATCH = YES;
				COPY_PHASE_STRIP = NO;
				DEBUG_INFORMATION_FORMAT = dwarf;
				ENABLE_STRICT_OBJC_MSGSEND = YES;
				ENABLE_TESTABILITY = YES;
				GCC_C_LANGUAGE_STANDARD = gnu11;
				GCC_DYNAMIC_NO_PIC = NO;
				GCC_NO_COMMON_BLOCKS = YES;
				GCC_OPTIMIZATION_LEVEL = 0;
				GCC_PREPROCESSOR_DEFINITIONS = (
					"DEBUG=1",
					"$(inherited)",
				);
				GCC_WARN_64_TO_32_BIT_CONVERSION = YES;
				GCC_WARN_ABOUT_RETURN_TYPE = YES_ERROR;
				GCC_WARN_UNDECLARED_SELECTOR = YES;
				GCC_WARN_UNINITIALIZED_AUTOS = YES_AGGRESSIVE;
				GCC_WARN_UNUSED_FUNCTION = YES;
				GCC_WARN_UNUSED_VARIABLE = YES;
				IPHONEOS_DEPLOYMENT_TARGET = 16.0;
				MTL_ENABLE_DEBUG_INFO = INCLUDE_SOURCE;
				MTL_FAST_MATH = YES;
				ONLY_ACTIVE_ARCH = YES;
				SDKROOT = iphoneos;
				SWIFT_ACTIVE_COMPILATION_CONDITIONS = DEBUG;
				SWIFT_OPTIMIZATION_LEVEL = "-Onone";
			};
			name = Debug;
		};
		CCA9C4B1290B38FD00CFCD9D /* Release */ = {
			isa = XCBuildConfiguration;
			buildSettings = {
				ALWAYS_SEARCH_USER_PATHS = NO;
				CLANG_ANALYZER_NONNULL = YES;
				CLANG_ANALYZER_NUMBER_OBJECT_CONVERSION = YES_AGGRESSIVE;
				CLANG_CXX_LANGUAGE_STANDARD = "gnu++20";
				CLANG_ENABLE_MODULES = YES;
				CLANG_ENABLE_OBJC_ARC = YES;
				CLANG_ENABLE_OBJC_WEAK = YES;
				CLANG_WARN_BLOCK_CAPTURE_AUTORELEASING = YES;
				CLANG_WARN_BOOL_CONVERSION = YES;
				CLANG_WARN_COMMA = YES;
				CLANG_WARN_CONSTANT_CONVERSION = YES;
				CLANG_WARN_DEPRECATED_OBJC_IMPLEMENTATIONS = YES;
				CLANG_WARN_DIRECT_OBJC_ISA_USAGE = YES_ERROR;
				CLANG_WARN_DOCUMENTATION_COMMENTS = YES;
				CLANG_WARN_EMPTY_BODY = YES;
				CLANG_WARN_ENUM_CONVERSION = YES;
				CLANG_WARN_INFINITE_RECURSION = YES;
				CLANG_WARN_INT_CONVERSION = YES;
				CLANG_WARN_NON_LITERAL_NULL_CONVERSION = YES;
				CLANG_WARN_OBJC_IMPLICIT_RETAIN_SELF = YES;
				CLANG_WARN_OBJC_LITERAL_CONVERSION = YES;
				CLANG_WARN_OBJC_ROOT_CLASS = YES_ERROR;
				CLANG_WARN_QUOTED_INCLUDE_IN_FRAMEWORK_HEADER = YES;
				CLANG_WARN_RANGE_LOOP_ANALYSIS = YES;
				CLANG_WARN_STRICT_PROTOTYPES = YES;
				CLANG_WARN_SUSPICIOUS_MOVE = YES;
				CLANG_WARN_UNGUARDED_AVAILABILITY = YES_AGGRESSIVE;
				CLANG_WARN_UNREACHABLE_CODE = YES;
				CLANG_WARN__DUPLICATE_METHOD_MATCH = YES;
				COPY_PHASE_STRIP = NO;
				DEBUG_INFORMATION_FORMAT = "dwarf-with-dsym";
				ENABLE_NS_ASSERTIONS = NO;
				ENABLE_STRICT_OBJC_MSGSEND = YES;
				GCC_C_LANGUAGE_STANDARD = gnu11;
				GCC_NO_COMMON_BLOCKS = YES;
				GCC_WARN_64_TO_32_BIT_CONVERSION = YES;
				GCC_WARN_ABOUT_RETURN_TYPE = YES_ERROR;
				GCC_WARN_UNDECLARED_SELECTOR = YES;
				GCC_WARN_UNINITIALIZED_AUTOS = YES_AGGRESSIVE;
				GCC_WARN_UNUSED_FUNCTION = YES;
				GCC_WARN_UNUSED_VARIABLE = YES;
				IPHONEOS_DEPLOYMENT_TARGET = 16.0;
				MTL_ENABLE_DEBUG_INFO = NO;
				MTL_FAST_MATH = YES;
				SDKROOT = iphoneos;
				SWIFT_COMPILATION_MODE = wholemodule;
				SWIFT_OPTIMIZATION_LEVEL = "-O";
				VALIDATE_PRODUCT = YES;
			};
			name = Release;
		};
		CCA9C4B3290B38FD00CFCD9D /* Debug */ = {
			isa = XCBuildConfiguration;
			baseConfigurationReference = EABC08960B2D58DAB5AC420A /* Pods-Botiquin.debug.xcconfig */;
			buildSettings = {
				ALWAYS_EMBED_SWIFT_STANDARD_LIBRARIES = "$(inherited)";
				ASSETCATALOG_COMPILER_APPICON_NAME = AppIcon;
				ASSETCATALOG_COMPILER_GLOBAL_ACCENT_COLOR_NAME = AccentColor;
				CODE_SIGN_STYLE = Automatic;
				CURRENT_PROJECT_VERSION = 1;
				DEVELOPMENT_TEAM = PWA6MBQZPC;
				GENERATE_INFOPLIST_FILE = YES;
				INFOPLIST_FILE = Botiquin/SupportFiles/Info.plist;
				INFOPLIST_KEY_LSApplicationCategoryType = "public.app-category.education";
				INFOPLIST_KEY_UIApplicationSupportsIndirectInputEvents = YES;
				INFOPLIST_KEY_UILaunchStoryboardName = LaunchScreen.storyboard;
				INFOPLIST_KEY_UIMainStoryboardFile = Main;
				INFOPLIST_KEY_UISupportedInterfaceOrientations_iPad = "UIInterfaceOrientationPortrait UIInterfaceOrientationPortraitUpsideDown UIInterfaceOrientationLandscapeLeft UIInterfaceOrientationLandscapeRight";
				INFOPLIST_KEY_UISupportedInterfaceOrientations_iPhone = "UIInterfaceOrientationPortrait UIInterfaceOrientationLandscapeLeft UIInterfaceOrientationLandscapeRight";
				IPHONEOS_DEPLOYMENT_TARGET = 14.0;
				LD_RUNPATH_SEARCH_PATHS = (
					"$(inherited)",
					"@executable_path/Frameworks",
				);
				MARKETING_VERSION = 1.0;
				PRODUCT_BUNDLE_IDENTIFIER = com.realapps.Botiquin;
				PRODUCT_NAME = "$(TARGET_NAME)";
				SWIFT_EMIT_LOC_STRINGS = YES;
				SWIFT_VERSION = 5.0;
				TARGETED_DEVICE_FAMILY = "1,2";
			};
			name = Debug;
		};
		CCA9C4B4290B38FD00CFCD9D /* Release */ = {
			isa = XCBuildConfiguration;
			baseConfigurationReference = BEAC3CC945CA14084B4CD0B5 /* Pods-Botiquin.release.xcconfig */;
			buildSettings = {
				ALWAYS_EMBED_SWIFT_STANDARD_LIBRARIES = "$(inherited)";
				ASSETCATALOG_COMPILER_APPICON_NAME = AppIcon;
				ASSETCATALOG_COMPILER_GLOBAL_ACCENT_COLOR_NAME = AccentColor;
				CODE_SIGN_STYLE = Automatic;
				CURRENT_PROJECT_VERSION = 1;
				DEVELOPMENT_TEAM = PWA6MBQZPC;
				GENERATE_INFOPLIST_FILE = YES;
				INFOPLIST_FILE = Botiquin/SupportFiles/Info.plist;
				INFOPLIST_KEY_LSApplicationCategoryType = "public.app-category.education";
				INFOPLIST_KEY_UIApplicationSupportsIndirectInputEvents = YES;
				INFOPLIST_KEY_UILaunchStoryboardName = LaunchScreen.storyboard;
				INFOPLIST_KEY_UIMainStoryboardFile = Main;
				INFOPLIST_KEY_UISupportedInterfaceOrientations_iPad = "UIInterfaceOrientationPortrait UIInterfaceOrientationPortraitUpsideDown UIInterfaceOrientationLandscapeLeft UIInterfaceOrientationLandscapeRight";
				INFOPLIST_KEY_UISupportedInterfaceOrientations_iPhone = "UIInterfaceOrientationPortrait UIInterfaceOrientationLandscapeLeft UIInterfaceOrientationLandscapeRight";
				IPHONEOS_DEPLOYMENT_TARGET = 14.0;
				LD_RUNPATH_SEARCH_PATHS = (
					"$(inherited)",
					"@executable_path/Frameworks",
				);
				MARKETING_VERSION = 1.0;
				PRODUCT_BUNDLE_IDENTIFIER = com.realapps.Botiquin;
				PRODUCT_NAME = "$(TARGET_NAME)";
				SWIFT_EMIT_LOC_STRINGS = YES;
				SWIFT_VERSION = 5.0;
				TARGETED_DEVICE_FAMILY = "1,2";
			};
			name = Release;
		};
		CCA9C4B6290B38FD00CFCD9D /* Debug */ = {
			isa = XCBuildConfiguration;
			baseConfigurationReference = DDB22AD876F827F27EC3CF9B /* Pods-BotiquinTests.debug.xcconfig */;
			buildSettings = {
				ALWAYS_EMBED_SWIFT_STANDARD_LIBRARIES = "$(inherited)";
				BUNDLE_LOADER = "$(TEST_HOST)";
				CODE_SIGN_STYLE = Automatic;
				CURRENT_PROJECT_VERSION = 1;
				DEVELOPMENT_TEAM = PWA6MBQZPC;
				GENERATE_INFOPLIST_FILE = YES;
				IPHONEOS_DEPLOYMENT_TARGET = 14.0;
				MARKETING_VERSION = 1.0;
				PRODUCT_BUNDLE_IDENTIFIER = com.realapps.BotiquinTests;
				PRODUCT_NAME = "$(TARGET_NAME)";
				SWIFT_EMIT_LOC_STRINGS = NO;
				SWIFT_VERSION = 5.0;
				TARGETED_DEVICE_FAMILY = "1,2";
				TEST_HOST = "$(BUILT_PRODUCTS_DIR)/Botiquin.app/$(BUNDLE_EXECUTABLE_FOLDER_PATH)/Botiquin";
			};
			name = Debug;
		};
		CCA9C4B7290B38FD00CFCD9D /* Release */ = {
			isa = XCBuildConfiguration;
			baseConfigurationReference = 33CB8A064C07013B4A2545ED /* Pods-BotiquinTests.release.xcconfig */;
			buildSettings = {
				ALWAYS_EMBED_SWIFT_STANDARD_LIBRARIES = "$(inherited)";
				BUNDLE_LOADER = "$(TEST_HOST)";
				CODE_SIGN_STYLE = Automatic;
				CURRENT_PROJECT_VERSION = 1;
				DEVELOPMENT_TEAM = PWA6MBQZPC;
				GENERATE_INFOPLIST_FILE = YES;
				IPHONEOS_DEPLOYMENT_TARGET = 14.0;
				MARKETING_VERSION = 1.0;
				PRODUCT_BUNDLE_IDENTIFIER = com.realapps.BotiquinTests;
				PRODUCT_NAME = "$(TARGET_NAME)";
				SWIFT_EMIT_LOC_STRINGS = NO;
				SWIFT_VERSION = 5.0;
				TARGETED_DEVICE_FAMILY = "1,2";
				TEST_HOST = "$(BUILT_PRODUCTS_DIR)/Botiquin.app/$(BUNDLE_EXECUTABLE_FOLDER_PATH)/Botiquin";
			};
			name = Release;
		};
		CCA9C4B9290B38FD00CFCD9D /* Debug */ = {
			isa = XCBuildConfiguration;
			buildSettings = {
				ALWAYS_EMBED_SWIFT_STANDARD_LIBRARIES = "$(inherited)";
				CODE_SIGN_STYLE = Automatic;
				CURRENT_PROJECT_VERSION = 1;
				DEVELOPMENT_TEAM = PWA6MBQZPC;
				GENERATE_INFOPLIST_FILE = YES;
				IPHONEOS_DEPLOYMENT_TARGET = 14.0;
				MARKETING_VERSION = 1.0;
				PRODUCT_BUNDLE_IDENTIFIER = com.realapps.BotiquinUITests;
				PRODUCT_NAME = "$(TARGET_NAME)";
				SWIFT_EMIT_LOC_STRINGS = NO;
				SWIFT_VERSION = 5.0;
				TARGETED_DEVICE_FAMILY = "1,2";
				TEST_TARGET_NAME = Botiquin;
			};
			name = Debug;
		};
		CCA9C4BA290B38FD00CFCD9D /* Release */ = {
			isa = XCBuildConfiguration;
			buildSettings = {
				ALWAYS_EMBED_SWIFT_STANDARD_LIBRARIES = "$(inherited)";
				CODE_SIGN_STYLE = Automatic;
				CURRENT_PROJECT_VERSION = 1;
				DEVELOPMENT_TEAM = PWA6MBQZPC;
				GENERATE_INFOPLIST_FILE = YES;
				IPHONEOS_DEPLOYMENT_TARGET = 14.0;
				MARKETING_VERSION = 1.0;
				PRODUCT_BUNDLE_IDENTIFIER = com.realapps.BotiquinUITests;
				PRODUCT_NAME = "$(TARGET_NAME)";
				SWIFT_EMIT_LOC_STRINGS = NO;
				SWIFT_VERSION = 5.0;
				TARGETED_DEVICE_FAMILY = "1,2";
				TEST_TARGET_NAME = Botiquin;
			};
			name = Release;
		};
/* End XCBuildConfiguration section */

/* Begin XCConfigurationList section */
		CCA9C483290B38FA00CFCD9D /* Build configuration list for PBXProject "Botiquin" */ = {
			isa = XCConfigurationList;
			buildConfigurations = (
				CCA9C4B0290B38FD00CFCD9D /* Debug */,
				CCA9C4B1290B38FD00CFCD9D /* Release */,
			);
			defaultConfigurationIsVisible = 0;
			defaultConfigurationName = Release;
		};
		CCA9C4B2290B38FD00CFCD9D /* Build configuration list for PBXNativeTarget "Botiquin" */ = {
			isa = XCConfigurationList;
			buildConfigurations = (
				CCA9C4B3290B38FD00CFCD9D /* Debug */,
				CCA9C4B4290B38FD00CFCD9D /* Release */,
			);
			defaultConfigurationIsVisible = 0;
			defaultConfigurationName = Release;
		};
		CCA9C4B5290B38FD00CFCD9D /* Build configuration list for PBXNativeTarget "BotiquinTests" */ = {
			isa = XCConfigurationList;
			buildConfigurations = (
				CCA9C4B6290B38FD00CFCD9D /* Debug */,
				CCA9C4B7290B38FD00CFCD9D /* Release */,
			);
			defaultConfigurationIsVisible = 0;
			defaultConfigurationName = Release;
		};
		CCA9C4B8290B38FD00CFCD9D /* Build configuration list for PBXNativeTarget "BotiquinUITests" */ = {
			isa = XCConfigurationList;
			buildConfigurations = (
				CCA9C4B9290B38FD00CFCD9D /* Debug */,
				CCA9C4BA290B38FD00CFCD9D /* Release */,
			);
			defaultConfigurationIsVisible = 0;
			defaultConfigurationName = Release;
		};
/* End XCConfigurationList section */
	};
	rootObject = CCA9C480290B38FA00CFCD9D /* Project object */;
}
